{
  "nodes": {
    "nixpkgs": {
      "locked": {
        "lastModified": 1714441809,
        "narHash": "sha256-+iU3vNtIlowMjw0aQ5PcrIbMRZKPOkzJVdTNjMaJ+xI=",
        "owner": "NixOS",
        "repo": "nixpkgs",
        "rev": "5610faa07ef6fa11035712f53d49290f6cb525d6",
        "type": "github"
      },
      "original": {
        "owner": "NixOS",
        "repo": "nixpkgs",
        "type": "github"
      }
    },
    "root": {
      "inputs": {
        "nixpkgs": "nixpkgs"
      }
    }
  },
  "root": "root",
  "version": 7
}
